{
  "name": "create-veldora-app",
  "version": "0.5.5",
  "lockfileVersion": 3,
  "requires": true,
  "packages": {
    "": {
      "name": "create-veldora-app",
      "version": "0.5.5",
      "license": "MIT",
      "bin": {
        "create-veldora": "bin/index.js",
        "create-veldora-app": "bin/index.js",
        "veldora": "bin/index.js"
      },
      "engines": {
        "node": ">=18.0.0"
      }
    }
  }
}
